// !$*UTF8*$!
{
	archiveVersion = 1;
	classes = {
	};
	objectVersion = 50;
	objects = {

/* Begin PBXBuildFile section */
		FA06590824D2485D00527EB7 /* User+Conveniece.swift in Sources */ = {isa = PBXBuildFile; fileRef = FA06590724D2485D00527EB7 /* User+Conveniece.swift */; };
		FA06590A24D2487400527EB7 /* UserRepresentation.swift in Sources */ = {isa = PBXBuildFile; fileRef = FA06590924D2487400527EB7 /* UserRepresentation.swift */; };
		FA06590D24D24A9100527EB7 /* MainTabBarController.swift in Sources */ = {isa = PBXBuildFile; fileRef = FA06590C24D24A9100527EB7 /* MainTabBarController.swift */; };
		FA1C87E024AE3B0900E3A1BA /* CameraController.swift in Sources */ = {isa = PBXBuildFile; fileRef = FA1C87DF24AE3B0900E3A1BA /* CameraController.swift */; };
		FA1C87E324AE3BA700E3A1BA /* CameraPreviewView.swift in Sources */ = {isa = PBXBuildFile; fileRef = FA1C87E224AE3BA700E3A1BA /* CameraPreviewView.swift */; };
		FA1C87E524AE44BA00E3A1BA /* CaptureType.swift in Sources */ = {isa = PBXBuildFile; fileRef = FA1C87E424AE44BA00E3A1BA /* CaptureType.swift */; };
		FA1C87E724AE454000E3A1BA /* SelectedCamera.swift in Sources */ = {isa = PBXBuildFile; fileRef = FA1C87E624AE454000E3A1BA /* SelectedCamera.swift */; };
		FA1C87E924AF7F8E00E3A1BA /* PhotoPreviewViewController.swift in Sources */ = {isa = PBXBuildFile; fileRef = FA1C87E824AF7F8E00E3A1BA /* PhotoPreviewViewController.swift */; };
		FA1C87EB24AFCA0500E3A1BA /* ReminderPhotoViewController.swift in Sources */ = {isa = PBXBuildFile; fileRef = FA1C87EA24AFCA0500E3A1BA /* ReminderPhotoViewController.swift */; };
		FA1E65B7245205A200502D95 /* AppDelegate.swift in Sources */ = {isa = PBXBuildFile; fileRef = FA1E65B6245205A200502D95 /* AppDelegate.swift */; };
		FA1E65B9245205A200502D95 /* SceneDelegate.swift in Sources */ = {isa = PBXBuildFile; fileRef = FA1E65B8245205A200502D95 /* SceneDelegate.swift */; };
		FA1E65BE245205A200502D95 /* Main.storyboard in Resources */ = {isa = PBXBuildFile; fileRef = FA1E65BC245205A200502D95 /* Main.storyboard */; };
		FA1E65C0245205A600502D95 /* Assets.xcassets in Resources */ = {isa = PBXBuildFile; fileRef = FA1E65BF245205A600502D95 /* Assets.xcassets */; };
		FA1E65C3245205A600502D95 /* LaunchScreen.storyboard in Resources */ = {isa = PBXBuildFile; fileRef = FA1E65C1245205A600502D95 /* LaunchScreen.storyboard */; };
		FA1E65D224520C0100502D95 /* NewReminder.storyboard in Resources */ = {isa = PBXBuildFile; fileRef = FA1E65D124520C0100502D95 /* NewReminder.storyboard */; };
		FA1E65D424520D3500502D95 /* Settings.storyboard in Resources */ = {isa = PBXBuildFile; fileRef = FA1E65D324520D3500502D95 /* Settings.storyboard */; };
		FA1E65D624520DCE00502D95 /* Reminders.storyboard in Resources */ = {isa = PBXBuildFile; fileRef = FA1E65D524520DCE00502D95 /* Reminders.storyboard */; };
		FA638D0824D1E49000E5E5B9 /* BGColorSelectionViewController.swift in Sources */ = {isa = PBXBuildFile; fileRef = FA638D0724D1E49000E5E5B9 /* BGColorSelectionViewController.swift */; };
		FA638D0B24D1EB3700E5E5B9 /* ColorCollectionViewCell.swift in Sources */ = {isa = PBXBuildFile; fileRef = FA638D0924D1EB3700E5E5B9 /* ColorCollectionViewCell.swift */; };
		FA638D0C24D1EB3700E5E5B9 /* ColorCollectionViewCell.xib in Resources */ = {isa = PBXBuildFile; fileRef = FA638D0A24D1EB3700E5E5B9 /* ColorCollectionViewCell.xib */; };
		FA6E1F052459F9EE008AF502 /* RemindersViewController.swift in Sources */ = {isa = PBXBuildFile; fileRef = FA6E1F042459F9EE008AF502 /* RemindersViewController.swift */; };
		FA6E1F072459FCC3008AF502 /* ReminderCollectionViewCell.swift in Sources */ = {isa = PBXBuildFile; fileRef = FA6E1F062459FCC3008AF502 /* ReminderCollectionViewCell.swift */; };
		FA776B622452191600B897F6 /* Remage.xcdatamodeld in Sources */ = {isa = PBXBuildFile; fileRef = FA776B602452191600B897F6 /* Remage.xcdatamodeld */; };
		FA776B6424521C3000B897F6 /* Reminder+Convenience.swift in Sources */ = {isa = PBXBuildFile; fileRef = FA776B6324521C3000B897F6 /* Reminder+Convenience.swift */; };
		FA776B6624521C4E00B897F6 /* ReminderRepresentation.swift in Sources */ = {isa = PBXBuildFile; fileRef = FA776B6524521C4E00B897F6 /* ReminderRepresentation.swift */; };
		FA776B682457256C00B897F6 /* CoreDataStack.swift in Sources */ = {isa = PBXBuildFile; fileRef = FA776B672457256C00B897F6 /* CoreDataStack.swift */; };
		FA776B6B2457465E00B897F6 /* NewReminderTypeViewController.swift in Sources */ = {isa = PBXBuildFile; fileRef = FA776B6A2457465E00B897F6 /* NewReminderTypeViewController.swift */; };
		FA776B6D2457467900B897F6 /* NewReminderDetailViewController.swift in Sources */ = {isa = PBXBuildFile; fileRef = FA776B6C2457467900B897F6 /* NewReminderDetailViewController.swift */; };
		FA776B6F2457468800B897F6 /* CameraViewController.swift in Sources */ = {isa = PBXBuildFile; fileRef = FA776B6E2457468800B897F6 /* CameraViewController.swift */; };
		FA776B712457489D00B897F6 /* CoreDataModelController.swift in Sources */ = {isa = PBXBuildFile; fileRef = FA776B702457489D00B897F6 /* CoreDataModelController.swift */; };
		FA90B58924DB6862008DEAF8 /* AlarmsTableViewController.swift in Sources */ = {isa = PBXBuildFile; fileRef = FA90B58824DB6862008DEAF8 /* AlarmsTableViewController.swift */; };
		FA90B58B24DB76E5008DEAF8 /* Alarms.storyboard in Resources */ = {isa = PBXBuildFile; fileRef = FA90B58A24DB76E5008DEAF8 /* Alarms.storyboard */; };
		FA90B58E24DB7BA0008DEAF8 /* AlarmTableViewCell.swift in Sources */ = {isa = PBXBuildFile; fileRef = FA90B58D24DB7BA0008DEAF8 /* AlarmTableViewCell.swift */; };
		FA90E84724CF2F7F007148EF /* NRNoteViewController.swift in Sources */ = {isa = PBXBuildFile; fileRef = FA90E84624CF2F7F007148EF /* NRNoteViewController.swift */; };
		FA90E84924CF46F0007148EF /* ReminderController.swift in Sources */ = {isa = PBXBuildFile; fileRef = FA90E84824CF46F0007148EF /* ReminderController.swift */; };
		FA90E84C24CF83DD007148EF /* SettingsMenuViewController.swift in Sources */ = {isa = PBXBuildFile; fileRef = FA90E84B24CF83DD007148EF /* SettingsMenuViewController.swift */; };
		FAAF1CB424D0AE9000D413B4 /* BGColor.swift in Sources */ = {isa = PBXBuildFile; fileRef = FAAF1CB324D0AE9000D413B4 /* BGColor.swift */; };
		FAD929F324D0B3E10060916B /* TestingColorsViewController.swift in Sources */ = {isa = PBXBuildFile; fileRef = FAD929F224D0B3E10060916B /* TestingColorsViewController.swift */; };
		FAD929F524D0B9400060916B /* ThemeController.swift in Sources */ = {isa = PBXBuildFile; fileRef = FAD929F424D0B9400060916B /* ThemeController.swift */; };
		FAD929F724D0DCF20060916B /* ColorList.swift in Sources */ = {isa = PBXBuildFile; fileRef = FAD929F624D0DCF20060916B /* ColorList.swift */; };
		FADA155E24C94CF40006CA62 /* ViewControllerExtension.swift in Sources */ = {isa = PBXBuildFile; fileRef = FADA155D24C94CF40006CA62 /* ViewControllerExtension.swift */; };
/* End PBXBuildFile section */

/* Begin PBXFileReference section */
		FA06590724D2485D00527EB7 /* User+Conveniece.swift */ = {isa = PBXFileReference; lastKnownFileType = sourcecode.swift; path = "User+Conveniece.swift"; sourceTree = "<group>"; };
		FA06590924D2487400527EB7 /* UserRepresentation.swift */ = {isa = PBXFileReference; lastKnownFileType = sourcecode.swift; path = UserRepresentation.swift; sourceTree = "<group>"; };
		FA06590C24D24A9100527EB7 /* MainTabBarController.swift */ = {isa = PBXFileReference; lastKnownFileType = sourcecode.swift; path = MainTabBarController.swift; sourceTree = "<group>"; };
		FA1C87DF24AE3B0900E3A1BA /* CameraController.swift */ = {isa = PBXFileReference; lastKnownFileType = sourcecode.swift; path = CameraController.swift; sourceTree = "<group>"; };
		FA1C87E224AE3BA700E3A1BA /* CameraPreviewView.swift */ = {isa = PBXFileReference; lastKnownFileType = sourcecode.swift; path = CameraPreviewView.swift; sourceTree = "<group>"; };
		FA1C87E424AE44BA00E3A1BA /* CaptureType.swift */ = {isa = PBXFileReference; lastKnownFileType = sourcecode.swift; path = CaptureType.swift; sourceTree = "<group>"; };
		FA1C87E624AE454000E3A1BA /* SelectedCamera.swift */ = {isa = PBXFileReference; lastKnownFileType = sourcecode.swift; path = SelectedCamera.swift; sourceTree = "<group>"; };
		FA1C87E824AF7F8E00E3A1BA /* PhotoPreviewViewController.swift */ = {isa = PBXFileReference; lastKnownFileType = sourcecode.swift; path = PhotoPreviewViewController.swift; sourceTree = "<group>"; };
		FA1C87EA24AFCA0500E3A1BA /* ReminderPhotoViewController.swift */ = {isa = PBXFileReference; lastKnownFileType = sourcecode.swift; path = ReminderPhotoViewController.swift; sourceTree = "<group>"; };
		FA1E65B3245205A200502D95 /* Remage.app */ = {isa = PBXFileReference; explicitFileType = wrapper.application; includeInIndex = 0; path = Remage.app; sourceTree = BUILT_PRODUCTS_DIR; };
		FA1E65B6245205A200502D95 /* AppDelegate.swift */ = {isa = PBXFileReference; lastKnownFileType = sourcecode.swift; path = AppDelegate.swift; sourceTree = "<group>"; };
		FA1E65B8245205A200502D95 /* SceneDelegate.swift */ = {isa = PBXFileReference; lastKnownFileType = sourcecode.swift; path = SceneDelegate.swift; sourceTree = "<group>"; };
		FA1E65BD245205A200502D95 /* Base */ = {isa = PBXFileReference; lastKnownFileType = file.storyboard; name = Base; path = Base.lproj/Main.storyboard; sourceTree = "<group>"; };
		FA1E65BF245205A600502D95 /* Assets.xcassets */ = {isa = PBXFileReference; lastKnownFileType = folder.assetcatalog; path = Assets.xcassets; sourceTree = "<group>"; };
		FA1E65C2245205A600502D95 /* Base */ = {isa = PBXFileReference; lastKnownFileType = file.storyboard; name = Base; path = Base.lproj/LaunchScreen.storyboard; sourceTree = "<group>"; };
		FA1E65C4245205A600502D95 /* Info.plist */ = {isa = PBXFileReference; lastKnownFileType = text.plist.xml; path = Info.plist; sourceTree = "<group>"; };
		FA1E65D124520C0100502D95 /* NewReminder.storyboard */ = {isa = PBXFileReference; lastKnownFileType = file.storyboard; path = NewReminder.storyboard; sourceTree = "<group>"; };
		FA1E65D324520D3500502D95 /* Settings.storyboard */ = {isa = PBXFileReference; lastKnownFileType = file.storyboard; path = Settings.storyboard; sourceTree = "<group>"; };
		FA1E65D524520DCE00502D95 /* Reminders.storyboard */ = {isa = PBXFileReference; lastKnownFileType = file.storyboard; path = Reminders.storyboard; sourceTree = "<group>"; };
		FA638D0724D1E49000E5E5B9 /* BGColorSelectionViewController.swift */ = {isa = PBXFileReference; lastKnownFileType = sourcecode.swift; path = BGColorSelectionViewController.swift; sourceTree = "<group>"; };
		FA638D0924D1EB3700E5E5B9 /* ColorCollectionViewCell.swift */ = {isa = PBXFileReference; lastKnownFileType = sourcecode.swift; path = ColorCollectionViewCell.swift; sourceTree = "<group>"; };
		FA638D0A24D1EB3700E5E5B9 /* ColorCollectionViewCell.xib */ = {isa = PBXFileReference; lastKnownFileType = file.xib; path = ColorCollectionViewCell.xib; sourceTree = "<group>"; };
		FA6E1F042459F9EE008AF502 /* RemindersViewController.swift */ = {isa = PBXFileReference; lastKnownFileType = sourcecode.swift; path = RemindersViewController.swift; sourceTree = "<group>"; };
		FA6E1F062459FCC3008AF502 /* ReminderCollectionViewCell.swift */ = {isa = PBXFileReference; lastKnownFileType = sourcecode.swift; path = ReminderCollectionViewCell.swift; sourceTree = "<group>"; };
		FA776B612452191600B897F6 /* Remage.xcdatamodel */ = {isa = PBXFileReference; lastKnownFileType = wrapper.xcdatamodel; path = Remage.xcdatamodel; sourceTree = "<group>"; };
		FA776B6324521C3000B897F6 /* Reminder+Convenience.swift */ = {isa = PBXFileReference; lastKnownFileType = sourcecode.swift; path = "Reminder+Convenience.swift"; sourceTree = "<group>"; };
		FA776B6524521C4E00B897F6 /* ReminderRepresentation.swift */ = {isa = PBXFileReference; lastKnownFileType = sourcecode.swift; path = ReminderRepresentation.swift; sourceTree = "<group>"; };
		FA776B672457256C00B897F6 /* CoreDataStack.swift */ = {isa = PBXFileReference; lastKnownFileType = sourcecode.swift; path = CoreDataStack.swift; sourceTree = "<group>"; };
		FA776B6A2457465E00B897F6 /* NewReminderTypeViewController.swift */ = {isa = PBXFileReference; lastKnownFileType = sourcecode.swift; path = NewReminderTypeViewController.swift; sourceTree = "<group>"; };
		FA776B6C2457467900B897F6 /* NewReminderDetailViewController.swift */ = {isa = PBXFileReference; lastKnownFileType = sourcecode.swift; path = NewReminderDetailViewController.swift; sourceTree = "<group>"; };
		FA776B6E2457468800B897F6 /* CameraViewController.swift */ = {isa = PBXFileReference; lastKnownFileType = sourcecode.swift; path = CameraViewController.swift; sourceTree = "<group>"; };
		FA776B702457489D00B897F6 /* CoreDataModelController.swift */ = {isa = PBXFileReference; lastKnownFileType = sourcecode.swift; path = CoreDataModelController.swift; sourceTree = "<group>"; };
		FA90B58824DB6862008DEAF8 /* AlarmsTableViewController.swift */ = {isa = PBXFileReference; lastKnownFileType = sourcecode.swift; path = AlarmsTableViewController.swift; sourceTree = "<group>"; };
		FA90B58A24DB76E5008DEAF8 /* Alarms.storyboard */ = {isa = PBXFileReference; lastKnownFileType = file.storyboard; path = Alarms.storyboard; sourceTree = "<group>"; };
		FA90B58D24DB7BA0008DEAF8 /* AlarmTableViewCell.swift */ = {isa = PBXFileReference; lastKnownFileType = sourcecode.swift; path = AlarmTableViewCell.swift; sourceTree = "<group>"; };
		FA90E84624CF2F7F007148EF /* NRNoteViewController.swift */ = {isa = PBXFileReference; lastKnownFileType = sourcecode.swift; path = NRNoteViewController.swift; sourceTree = "<group>"; };
		FA90E84824CF46F0007148EF /* ReminderController.swift */ = {isa = PBXFileReference; lastKnownFileType = sourcecode.swift; path = ReminderController.swift; sourceTree = "<group>"; };
		FA90E84B24CF83DD007148EF /* SettingsMenuViewController.swift */ = {isa = PBXFileReference; lastKnownFileType = sourcecode.swift; path = SettingsMenuViewController.swift; sourceTree = "<group>"; };
		FAAF1CB324D0AE9000D413B4 /* BGColor.swift */ = {isa = PBXFileReference; lastKnownFileType = sourcecode.swift; path = BGColor.swift; sourceTree = "<group>"; };
		FAD929F224D0B3E10060916B /* TestingColorsViewController.swift */ = {isa = PBXFileReference; lastKnownFileType = sourcecode.swift; path = TestingColorsViewController.swift; sourceTree = "<group>"; };
		FAD929F424D0B9400060916B /* ThemeController.swift */ = {isa = PBXFileReference; lastKnownFileType = sourcecode.swift; path = ThemeController.swift; sourceTree = "<group>"; };
		FAD929F624D0DCF20060916B /* ColorList.swift */ = {isa = PBXFileReference; lastKnownFileType = sourcecode.swift; path = ColorList.swift; sourceTree = "<group>"; };
		FADA155D24C94CF40006CA62 /* ViewControllerExtension.swift */ = {isa = PBXFileReference; lastKnownFileType = sourcecode.swift; path = ViewControllerExtension.swift; sourceTree = "<group>"; };
/* End PBXFileReference section */

/* Begin PBXFrameworksBuildPhase section */
		FA1E65B0245205A200502D95 /* Frameworks */ = {
			isa = PBXFrameworksBuildPhase;
			buildActionMask = 2147483647;
			files = (
			);
			runOnlyForDeploymentPostprocessing = 0;
		};
/* End PBXFrameworksBuildPhase section */

/* Begin PBXGroup section */
		FA06590B24D24A5100527EB7 /* Main SB */ = {
			isa = PBXGroup;
			children = (
				FA06590C24D24A9100527EB7 /* MainTabBarController.swift */,
				FAD929F224D0B3E10060916B /* TestingColorsViewController.swift */,
			);
			path = "Main SB";
			sourceTree = "<group>";
		};
		FA1E65AA245205A200502D95 = {
			isa = PBXGroup;
			children = (
				FA1E65CA245205C700502D95 /* Storyboards */,
				FA1E65CB245207E100502D95 /* View Controllers */,
				FA1E65CE245207F900502D95 /* Views */,
				FA1E65D0245208AA00502D95 /* Controllers */,
				FA1E65CF2452089D00502D95 /* Model Controllers */,
				FA1E65CC245207EE00502D95 /* Models */,
				FA1E65CD245207F400502D95 /* Helpers */,
				FA1E65B5245205A200502D95 /* Remage */,
				FA1E65B4245205A200502D95 /* Products */,
			);
			sourceTree = "<group>";
		};
		FA1E65B4245205A200502D95 /* Products */ = {
			isa = PBXGroup;
			children = (
				FA1E65B3245205A200502D95 /* Remage.app */,
			);
			name = Products;
			sourceTree = "<group>";
		};
		FA1E65B5245205A200502D95 /* Remage */ = {
			isa = PBXGroup;
			children = (
				FA1E65B6245205A200502D95 /* AppDelegate.swift */,
				FA1E65B8245205A200502D95 /* SceneDelegate.swift */,
				FA1E65BF245205A600502D95 /* Assets.xcassets */,
				FA1E65C4245205A600502D95 /* Info.plist */,
			);
			path = Remage;
			sourceTree = "<group>";
		};
		FA1E65CA245205C700502D95 /* Storyboards */ = {
			isa = PBXGroup;
			children = (
				FA1E65BC245205A200502D95 /* Main.storyboard */,
				FA1E65C1245205A600502D95 /* LaunchScreen.storyboard */,
				FA1E65D124520C0100502D95 /* NewReminder.storyboard */,
				FA1E65D324520D3500502D95 /* Settings.storyboard */,
				FA1E65D524520DCE00502D95 /* Reminders.storyboard */,
				FA90B58A24DB76E5008DEAF8 /* Alarms.storyboard */,
			);
			path = Storyboards;
			sourceTree = "<group>";
		};
		FA1E65CB245207E100502D95 /* View Controllers */ = {
			isa = PBXGroup;
			children = (
				FA90B58724DB67B4008DEAF8 /* Alarms SB */,
				FA06590B24D24A5100527EB7 /* Main SB */,
				FA90E84A24CF838B007148EF /* Settings SB */,
				FA6E1F012459F6A5008AF502 /* Reminders SB */,
				FA776B692457332500B897F6 /* New Reminder SB */,
			);
			path = "View Controllers";
			sourceTree = "<group>";
		};
		FA1E65CC245207EE00502D95 /* Models */ = {
			isa = PBXGroup;
			children = (
				FA776B602452191600B897F6 /* Remage.xcdatamodeld */,
				FA776B6324521C3000B897F6 /* Reminder+Convenience.swift */,
				FA776B6524521C4E00B897F6 /* ReminderRepresentation.swift */,
				FAAF1CB324D0AE9000D413B4 /* BGColor.swift */,
				FA06590724D2485D00527EB7 /* User+Conveniece.swift */,
				FA06590924D2487400527EB7 /* UserRepresentation.swift */,
			);
			path = Models;
			sourceTree = "<group>";
		};
		FA1E65CD245207F400502D95 /* Helpers */ = {
			isa = PBXGroup;
			children = (
				FA776B672457256C00B897F6 /* CoreDataStack.swift */,
				FA1C87E424AE44BA00E3A1BA /* CaptureType.swift */,
				FA1C87E624AE454000E3A1BA /* SelectedCamera.swift */,
				FADA155D24C94CF40006CA62 /* ViewControllerExtension.swift */,
				FAD929F624D0DCF20060916B /* ColorList.swift */,
			);
			path = Helpers;
			sourceTree = "<group>";
		};
		FA1E65CE245207F900502D95 /* Views */ = {
			isa = PBXGroup;
			children = (
				FA9FD94D24E0523E002DFA84 /* New Reminder SB */,
				FA9FD94C24E04EEC002DFA84 /* Reminders SB */,
				FA90B58C24DB7B7A008DEAF8 /* Alarms SB */,
				FA638D0D24D1F0F600E5E5B9 /* Settings SB */,
			);
			path = Views;
			sourceTree = "<group>";
		};
		FA1E65CF2452089D00502D95 /* Model Controllers */ = {
			isa = PBXGroup;
			children = (
				FA776B702457489D00B897F6 /* CoreDataModelController.swift */,
				FA90E84824CF46F0007148EF /* ReminderController.swift */,
				FAD929F424D0B9400060916B /* ThemeController.swift */,
			);
			path = "Model Controllers";
			sourceTree = "<group>";
		};
		FA1E65D0245208AA00502D95 /* Controllers */ = {
			isa = PBXGroup;
			children = (
				FA1C87DF24AE3B0900E3A1BA /* CameraController.swift */,
			);
			path = Controllers;
			sourceTree = "<group>";
		};
		FA638D0D24D1F0F600E5E5B9 /* Settings SB */ = {
			isa = PBXGroup;
			children = (
				FA638D0924D1EB3700E5E5B9 /* ColorCollectionViewCell.swift */,
				FA638D0A24D1EB3700E5E5B9 /* ColorCollectionViewCell.xib */,
			);
			path = "Settings SB";
			sourceTree = "<group>";
		};
		FA6E1F012459F6A5008AF502 /* Reminders SB */ = {
			isa = PBXGroup;
			children = (
				FA6E1F042459F9EE008AF502 /* RemindersViewController.swift */,
				FA1C87EA24AFCA0500E3A1BA /* ReminderPhotoViewController.swift */,
			);
			path = "Reminders SB";
			sourceTree = "<group>";
		};
		FA776B692457332500B897F6 /* New Reminder SB */ = {
			isa = PBXGroup;
			children = (
				FA776B6A2457465E00B897F6 /* NewReminderTypeViewController.swift */,
				FA776B6C2457467900B897F6 /* NewReminderDetailViewController.swift */,
				FA776B6E2457468800B897F6 /* CameraViewController.swift */,
				FA1C87E824AF7F8E00E3A1BA /* PhotoPreviewViewController.swift */,
				FA90E84624CF2F7F007148EF /* NRNoteViewController.swift */,
			);
			path = "New Reminder SB";
			sourceTree = "<group>";
		};
		FA90B58724DB67B4008DEAF8 /* Alarms SB */ = {
			isa = PBXGroup;
			children = (
				FA90B58824DB6862008DEAF8 /* AlarmsTableViewController.swift */,
			);
			path = "Alarms SB";
			sourceTree = "<group>";
		};
		FA90B58C24DB7B7A008DEAF8 /* Alarms SB */ = {
			isa = PBXGroup;
			children = (
				FA90B58D24DB7BA0008DEAF8 /* AlarmTableViewCell.swift */,
			);
			path = "Alarms SB";
			sourceTree = "<group>";
		};
		FA90E84A24CF838B007148EF /* Settings SB */ = {
			isa = PBXGroup;
			children = (
				FA90E84B24CF83DD007148EF /* SettingsMenuViewController.swift */,
				FA638D0724D1E49000E5E5B9 /* BGColorSelectionViewController.swift */,
			);
			path = "Settings SB";
			sourceTree = "<group>";
		};
		FA9FD94C24E04EEC002DFA84 /* Reminders SB */ = {
			isa = PBXGroup;
			children = (
				FA6E1F062459FCC3008AF502 /* ReminderCollectionViewCell.swift */,
			);
			path = "Reminders SB";
			sourceTree = "<group>";
		};
		FA9FD94D24E0523E002DFA84 /* New Reminder SB */ = {
			isa = PBXGroup;
			children = (
				FA1C87E224AE3BA700E3A1BA /* CameraPreviewView.swift */,
			);
			path = "New Reminder SB";
			sourceTree = "<group>";
		};
/* End PBXGroup section */

/* Begin PBXNativeTarget section */
		FA1E65B2245205A200502D95 /* Remage */ = {
			isa = PBXNativeTarget;
			buildConfigurationList = FA1E65C7245205A600502D95 /* Build configuration list for PBXNativeTarget "Remage" */;
			buildPhases = (
				FA1E65AF245205A200502D95 /* Sources */,
				FA1E65B0245205A200502D95 /* Frameworks */,
				FA1E65B1245205A200502D95 /* Resources */,
			);
			buildRules = (
			);
			dependencies = (
			);
			name = Remage;
			productName = Remage;
			productReference = FA1E65B3245205A200502D95 /* Remage.app */;
			productType = "com.apple.product-type.application";
		};
/* End PBXNativeTarget section */

/* Begin PBXProject section */
		FA1E65AB245205A200502D95 /* Project object */ = {
			isa = PBXProject;
			attributes = {
				KnownAssetTags = (
					0,
				);
				LastSwiftUpdateCheck = 1140;
				LastUpgradeCheck = 1140;
				ORGANIZATIONNAME = WilmaRodz;
				TargetAttributes = {
					FA1E65B2245205A200502D95 = {
						CreatedOnToolsVersion = 11.4.1;
					};
				};
			};
			buildConfigurationList = FA1E65AE245205A200502D95 /* Build configuration list for PBXProject "Remage" */;
			compatibilityVersion = "Xcode 9.3";
			developmentRegion = en;
			hasScannedForEncodings = 0;
			knownRegions = (
				en,
				Base,
			);
			mainGroup = FA1E65AA245205A200502D95;
			productRefGroup = FA1E65B4245205A200502D95 /* Products */;
			projectDirPath = "";
			projectRoot = "";
			targets = (
				FA1E65B2245205A200502D95 /* Remage */,
			);
		};
/* End PBXProject section */

/* Begin PBXResourcesBuildPhase section */
		FA1E65B1245205A200502D95 /* Resources */ = {
			isa = PBXResourcesBuildPhase;
			buildActionMask = 2147483647;
			files = (
				FA1E65C3245205A600502D95 /* LaunchScreen.storyboard in Resources */,
				FA638D0C24D1EB3700E5E5B9 /* ColorCollectionViewCell.xib in Resources */,
				FA1E65D224520C0100502D95 /* NewReminder.storyboard in Resources */,
				FA1E65D624520DCE00502D95 /* Reminders.storyboard in Resources */,
				FA90B58B24DB76E5008DEAF8 /* Alarms.storyboard in Resources */,
				FA1E65C0245205A600502D95 /* Assets.xcassets in Resources */,
				FA1E65BE245205A200502D95 /* Main.storyboard in Resources */,
				FA1E65D424520D3500502D95 /* Settings.storyboard in Resources */,
			);
			runOnlyForDeploymentPostprocessing = 0;
		};
/* End PBXResourcesBuildPhase section */

/* Begin PBXSourcesBuildPhase section */
		FA1E65AF245205A200502D95 /* Sources */ = {
			isa = PBXSourcesBuildPhase;
			buildActionMask = 2147483647;
			files = (
				FA776B712457489D00B897F6 /* CoreDataModelController.swift in Sources */,
				FA1C87EB24AFCA0500E3A1BA /* ReminderPhotoViewController.swift in Sources */,
				FA6E1F072459FCC3008AF502 /* ReminderCollectionViewCell.swift in Sources */,
				FAD929F724D0DCF20060916B /* ColorList.swift in Sources */,
				FA1C87E524AE44BA00E3A1BA /* CaptureType.swift in Sources */,
				FA638D0B24D1EB3700E5E5B9 /* ColorCollectionViewCell.swift in Sources */,
				FA06590A24D2487400527EB7 /* UserRepresentation.swift in Sources */,
				FA1C87E324AE3BA700E3A1BA /* CameraPreviewView.swift in Sources */,
				FAD929F324D0B3E10060916B /* TestingColorsViewController.swift in Sources */,
				FA1C87E024AE3B0900E3A1BA /* CameraController.swift in Sources */,
				FAD929F524D0B9400060916B /* ThemeController.swift in Sources */,
				FAAF1CB424D0AE9000D413B4 /* BGColor.swift in Sources */,
				FA776B622452191600B897F6 /* Remage.xcdatamodeld in Sources */,
				FA776B6624521C4E00B897F6 /* ReminderRepresentation.swift in Sources */,
				FA638D0824D1E49000E5E5B9 /* BGColorSelectionViewController.swift in Sources */,
				FA90E84C24CF83DD007148EF /* SettingsMenuViewController.swift in Sources */,
				FA06590D24D24A9100527EB7 /* MainTabBarController.swift in Sources */,
				FA90E84724CF2F7F007148EF /* NRNoteViewController.swift in Sources */,
				FADA155E24C94CF40006CA62 /* ViewControllerExtension.swift in Sources */,
				FA90B58924DB6862008DEAF8 /* AlarmsTableViewController.swift in Sources */,
				FA776B6D2457467900B897F6 /* NewReminderDetailViewController.swift in Sources */,
				FA06590824D2485D00527EB7 /* User+Conveniece.swift in Sources */,
				FA90B58E24DB7BA0008DEAF8 /* AlarmTableViewCell.swift in Sources */,
				FA1E65B7245205A200502D95 /* AppDelegate.swift in Sources */,
				FA90E84924CF46F0007148EF /* ReminderController.swift in Sources */,
				FA776B682457256C00B897F6 /* CoreDataStack.swift in Sources */,
				FA1C87E724AE454000E3A1BA /* SelectedCamera.swift in Sources */,
				FA1C87E924AF7F8E00E3A1BA /* PhotoPreviewViewController.swift in Sources */,
				FA1E65B9245205A200502D95 /* SceneDelegate.swift in Sources */,
				FA6E1F052459F9EE008AF502 /* RemindersViewController.swift in Sources */,
				FA776B6B2457465E00B897F6 /* NewReminderTypeViewController.swift in Sources */,
				FA776B6424521C3000B897F6 /* Reminder+Convenience.swift in Sources */,
				FA776B6F2457468800B897F6 /* CameraViewController.swift in Sources */,
			);
			runOnlyForDeploymentPostprocessing = 0;
		};
/* End PBXSourcesBuildPhase section */

/* Begin PBXVariantGroup section */
		FA1E65BC245205A200502D95 /* Main.storyboard */ = {
			isa = PBXVariantGroup;
			children = (
				FA1E65BD245205A200502D95 /* Base */,
			);
			name = Main.storyboard;
			sourceTree = "<group>";
		};
		FA1E65C1245205A600502D95 /* LaunchScreen.storyboard */ = {
			isa = PBXVariantGroup;
			children = (
				FA1E65C2245205A600502D95 /* Base */,
			);
			name = LaunchScreen.storyboard;
			sourceTree = "<group>";
		};
/* End PBXVariantGroup section */

/* Begin XCBuildConfiguration section */
		FA1E65C5245205A600502D95 /* Debug */ = {
			isa = XCBuildConfiguration;
			buildSettings = {
				ALWAYS_SEARCH_USER_PATHS = NO;
				CLANG_ANALYZER_NONNULL = YES;
				CLANG_ANALYZER_NUMBER_OBJECT_CONVERSION = YES_AGGRESSIVE;
				CLANG_CXX_LANGUAGE_STANDARD = "gnu++14";
				CLANG_CXX_LIBRARY = "libc++";
				CLANG_ENABLE_MODULES = YES;
				CLANG_ENABLE_OBJC_ARC = YES;
				CLANG_ENABLE_OBJC_WEAK = YES;
				CLANG_WARN_BLOCK_CAPTURE_AUTORELEASING = YES;
				CLANG_WARN_BOOL_CONVERSION = YES;
				CLANG_WARN_COMMA = YES;
				CLANG_WARN_CONSTANT_CONVERSION = YES;
				CLANG_WARN_DEPRECATED_OBJC_IMPLEMENTATIONS = YES;
				CLANG_WARN_DIRECT_OBJC_ISA_USAGE = YES_ERROR;
				CLANG_WARN_DOCUMENTATION_COMMENTS = YES;
				CLANG_WARN_EMPTY_BODY = YES;
				CLANG_WARN_ENUM_CONVERSION = YES;
				CLANG_WARN_INFINITE_RECURSION = YES;
				CLANG_WARN_INT_CONVERSION = YES;
				CLANG_WARN_NON_LITERAL_NULL_CONVERSION = YES;
				CLANG_WARN_OBJC_IMPLICIT_RETAIN_SELF = YES;
				CLANG_WARN_OBJC_LITERAL_CONVERSION = YES;
				CLANG_WARN_OBJC_ROOT_CLASS = YES_ERROR;
				CLANG_WARN_RANGE_LOOP_ANALYSIS = YES;
				CLANG_WARN_STRICT_PROTOTYPES = YES;
				CLANG_WARN_SUSPICIOUS_MOVE = YES;
				CLANG_WARN_UNGUARDED_AVAILABILITY = YES_AGGRESSIVE;
				CLANG_WARN_UNREACHABLE_CODE = YES;
				CLANG_WARN__DUPLICATE_METHOD_MATCH = YES;
				COPY_PHASE_STRIP = NO;
				DEBUG_INFORMATION_FORMAT = dwarf;
				ENABLE_STRICT_OBJC_MSGSEND = YES;
				ENABLE_TESTABILITY = YES;
				GCC_C_LANGUAGE_STANDARD = gnu11;
				GCC_DYNAMIC_NO_PIC = NO;
				GCC_NO_COMMON_BLOCKS = YES;
				GCC_OPTIMIZATION_LEVEL = 0;
				GCC_PREPROCESSOR_DEFINITIONS = (
					"DEBUG=1",
					"$(inherited)",
				);
				GCC_WARN_64_TO_32_BIT_CONVERSION = YES;
				GCC_WARN_ABOUT_RETURN_TYPE = YES_ERROR;
				GCC_WARN_UNDECLARED_SELECTOR = YES;
				GCC_WARN_UNINITIALIZED_AUTOS = YES_AGGRESSIVE;
				GCC_WARN_UNUSED_FUNCTION = YES;
				GCC_WARN_UNUSED_VARIABLE = YES;
				IPHONEOS_DEPLOYMENT_TARGET = 13.4;
				MTL_ENABLE_DEBUG_INFO = INCLUDE_SOURCE;
				MTL_FAST_MATH = YES;
				ONLY_ACTIVE_ARCH = YES;
				SDKROOT = iphoneos;
				SWIFT_ACTIVE_COMPILATION_CONDITIONS = DEBUG;
				SWIFT_OPTIMIZATION_LEVEL = "-Onone";
			};
			name = Debug;
		};
		FA1E65C6245205A600502D95 /* Release */ = {
			isa = XCBuildConfiguration;
			buildSettings = {
				ALWAYS_SEARCH_USER_PATHS = NO;
				CLANG_ANALYZER_NONNULL = YES;
				CLANG_ANALYZER_NUMBER_OBJECT_CONVERSION = YES_AGGRESSIVE;
				CLANG_CXX_LANGUAGE_STANDARD = "gnu++14";
				CLANG_CXX_LIBRARY = "libc++";
				CLANG_ENABLE_MODULES = YES;
				CLANG_ENABLE_OBJC_ARC = YES;
				CLANG_ENABLE_OBJC_WEAK = YES;
				CLANG_WARN_BLOCK_CAPTURE_AUTORELEASING = YES;
				CLANG_WARN_BOOL_CONVERSION = YES;
				CLANG_WARN_COMMA = YES;
				CLANG_WARN_CONSTANT_CONVERSION = YES;
				CLANG_WARN_DEPRECATED_OBJC_IMPLEMENTATIONS = YES;
				CLANG_WARN_DIRECT_OBJC_ISA_USAGE = YES_ERROR;
				CLANG_WARN_DOCUMENTATION_COMMENTS = YES;
				CLANG_WARN_EMPTY_BODY = YES;
				CLANG_WARN_ENUM_CONVERSION = YES;
				CLANG_WARN_INFINITE_RECURSION = YES;
				CLANG_WARN_INT_CONVERSION = YES;
				CLANG_WARN_NON_LITERAL_NULL_CONVERSION = YES;
				CLANG_WARN_OBJC_IMPLICIT_RETAIN_SELF = YES;
				CLANG_WARN_OBJC_LITERAL_CONVERSION = YES;
				CLANG_WARN_OBJC_ROOT_CLASS = YES_ERROR;
				CLANG_WARN_RANGE_LOOP_ANALYSIS = YES;
				CLANG_WARN_STRICT_PROTOTYPES = YES;
				CLANG_WARN_SUSPICIOUS_MOVE = YES;
				CLANG_WARN_UNGUARDED_AVAILABILITY = YES_AGGRESSIVE;
				CLANG_WARN_UNREACHABLE_CODE = YES;
				CLANG_WARN__DUPLICATE_METHOD_MATCH = YES;
				COPY_PHASE_STRIP = NO;
				DEBUG_INFORMATION_FORMAT = "dwarf-with-dsym";
				ENABLE_NS_ASSERTIONS = NO;
				ENABLE_STRICT_OBJC_MSGSEND = YES;
				GCC_C_LANGUAGE_STANDARD = gnu11;
				GCC_NO_COMMON_BLOCKS = YES;
				GCC_WARN_64_TO_32_BIT_CONVERSION = YES;
				GCC_WARN_ABOUT_RETURN_TYPE = YES_ERROR;
				GCC_WARN_UNDECLARED_SELECTOR = YES;
				GCC_WARN_UNINITIALIZED_AUTOS = YES_AGGRESSIVE;
				GCC_WARN_UNUSED_FUNCTION = YES;
				GCC_WARN_UNUSED_VARIABLE = YES;
				IPHONEOS_DEPLOYMENT_TARGET = 13.4;
				MTL_ENABLE_DEBUG_INFO = NO;
				MTL_FAST_MATH = YES;
				SDKROOT = iphoneos;
				SWIFT_COMPILATION_MODE = wholemodule;
				SWIFT_OPTIMIZATION_LEVEL = "-O";
				VALIDATE_PRODUCT = YES;
			};
			name = Release;
		};
		FA1E65C8245205A600502D95 /* Debug */ = {
			isa = XCBuildConfiguration;
			buildSettings = {
				ASSETCATALOG_COMPILER_APPICON_NAME = AppIcon;
				CODE_SIGN_STYLE = Automatic;
				DEVELOPMENT_TEAM = D8VQQ7D7K4;
				INFOPLIST_FILE = Remage/Info.plist;
				LD_RUNPATH_SEARCH_PATHS = (
					"$(inherited)",
					"@executable_path/Frameworks",
				);
				PRODUCT_BUNDLE_IDENTIFIER = com.wilmarodz.Remage;
				PRODUCT_NAME = "$(TARGET_NAME)";
				SWIFT_VERSION = 5.0;
				TARGETED_DEVICE_FAMILY = "1,2";
			};
			name = Debug;
		};
		FA1E65C9245205A600502D95 /* Release */ = {
			isa = XCBuildConfiguration;
			buildSettings = {
				ASSETCATALOG_COMPILER_APPICON_NAME = AppIcon;
				CODE_SIGN_STYLE = Automatic;
				DEVELOPMENT_TEAM = D8VQQ7D7K4;
				INFOPLIST_FILE = Remage/Info.plist;
				LD_RUNPATH_SEARCH_PATHS = (
					"$(inherited)",
					"@executable_path/Frameworks",
				);
				PRODUCT_BUNDLE_IDENTIFIER = com.wilmarodz.Remage;
				PRODUCT_NAME = "$(TARGET_NAME)";
				SWIFT_VERSION = 5.0;
				TARGETED_DEVICE_FAMILY = "1,2";
			};
			name = Release;
		};
/* End XCBuildConfiguration section */

/* Begin XCConfigurationList section */
		FA1E65AE245205A200502D95 /* Build configuration list for PBXProject "Remage" */ = {
			isa = XCConfigurationList;
			buildConfigurations = (
				FA1E65C5245205A600502D95 /* Debug */,
				FA1E65C6245205A600502D95 /* Release */,
			);
			defaultConfigurationIsVisible = 0;
			defaultConfigurationName = Release;
		};
		FA1E65C7245205A600502D95 /* Build configuration list for PBXNativeTarget "Remage" */ = {
			isa = XCConfigurationList;
			buildConfigurations = (
				FA1E65C8245205A600502D95 /* Debug */,
				FA1E65C9245205A600502D95 /* Release */,
			);
			defaultConfigurationIsVisible = 0;
			defaultConfigurationName = Release;
		};
/* End XCConfigurationList section */

/* Begin XCVersionGroup section */
		FA776B602452191600B897F6 /* Remage.xcdatamodeld */ = {
			isa = XCVersionGroup;
			children = (
				FA776B612452191600B897F6 /* Remage.xcdatamodel */,
			);
			currentVersion = FA776B612452191600B897F6 /* Remage.xcdatamodel */;
			path = Remage.xcdatamodeld;
			sourceTree = "<group>";
			versionGroupType = wrapper.xcdatamodel;
		};
/* End XCVersionGroup section */
	};
	rootObject = FA1E65AB245205A200502D95 /* Project object */;
}
